
Microsoft Visual Studio Solution File, Format Version 12.00
# Visual Studio Version 17
VisualStudioVersion = 17.4.33110.190
MinimumVisualStudioVersion = 10.0.40219.1
Project("{9A19103F-16F7-4668-BE54-9A1E7A4F7556}") = "JimaPay", "JimaPay\JimaPay.csproj", "{01334EAC-5DA6-45BC-AD8B-9A5629D12101}"
EndProject
Project("{9A19103F-16F7-4668-BE54-9A1E7A4F7556}") = "JimaPay.Services", "JimaPay.Services\JimaPay.Services.csproj", "{3F3D6E53-91DA-46DA-90E4-E7AC62B5DAF8}"
EndProject
Project("{9A19103F-16F7-4668-BE54-9A1E7A4F7556}") = "JimaPay.Domain", "JimaPay.Domain\JimaPay.Domain.csproj", "{78029061-E3FB-4276-A898-A2DB4C404F7F}"
EndProject
Project("{9A19103F-16F7-4668-BE54-9A1E7A4F7556}") = "JimaPay.Repository", "JimaPay.Repository\JimaPay.Repository.csproj", "{434D840F-A030-481A-91EF-743E0E489DAB}"
EndProject
Project("{9A19103F-16F7-4668-BE54-9A1E7A4F7556}") = "JimaPay.Common", "JimaPay.Common\JimaPay.Common.csproj", "{3AD6344A-ED5D-4722-A07F-82E3FE302157}"
EndProject
Global
	GlobalSection(SolutionConfigurationPlatforms) = preSolution
		Debug|Any CPU = Debug|Any CPU
		Release|Any CPU = Release|Any CPU
	EndGlobalSection
	GlobalSection(ProjectConfigurationPlatforms) = postSolution
		{01334EAC-5DA6-45BC-AD8B-9A5629D12101}.Debug|Any CPU.ActiveCfg = Debug|Any CPU
		{01334EAC-5DA6-45BC-AD8B-9A5629D12101}.Debug|Any CPU.Build.0 = Debug|Any CPU
		{01334EAC-5DA6-45BC-AD8B-9A5629D12101}.Release|Any CPU.ActiveCfg = Release|Any CPU
		{01334EAC-5DA6-45BC-AD8B-9A5629D12101}.Release|Any CPU.Build.0 = Release|Any CPU
		{3F3D6E53-91DA-46DA-90E4-E7AC62B5DAF8}.Debug|Any CPU.ActiveCfg = Debug|Any CPU
		{3F3D6E53-91DA-46DA-90E4-E7AC62B5DAF8}.Debug|Any CPU.Build.0 = Debug|Any CPU
		{3F3D6E53-91DA-46DA-90E4-E7AC62B5DAF8}.Release|Any CPU.ActiveCfg = Release|Any CPU
		{3F3D6E53-91DA-46DA-90E4-E7AC62B5DAF8}.Release|Any CPU.Build.0 = Release|Any CPU
		{78029061-E3FB-4276-A898-A2DB4C404F7F}.Debug|Any CPU.ActiveCfg = Debug|Any CPU
		{78029061-E3FB-4276-A898-A2DB4C404F7F}.Debug|Any CPU.Build.0 = Debug|Any CPU
		{78029061-E3FB-4276-A898-A2DB4C404F7F}.Release|Any CPU.ActiveCfg = Release|Any CPU
		{78029061-E3FB-4276-A898-A2DB4C404F7F}.Release|Any CPU.Build.0 = Release|Any CPU
		{434D840F-A030-481A-91EF-743E0E489DAB}.Debug|Any CPU.ActiveCfg = Debug|Any CPU
		{434D840F-A030-481A-91EF-743E0E489DAB}.Debug|Any CPU.Build.0 = Debug|Any CPU
		{434D840F-A030-481A-91EF-743E0E489DAB}.Release|Any CPU.ActiveCfg = Release|Any CPU
		{434D840F-A030-481A-91EF-743E0E489DAB}.Release|Any CPU.Build.0 = Release|Any CPU
		{3AD6344A-ED5D-4722-A07F-82E3FE302157}.Debug|Any CPU.ActiveCfg = Debug|Any CPU
		{3AD6344A-ED5D-4722-A07F-82E3FE302157}.Debug|Any CPU.Build.0 = Debug|Any CPU
		{3AD6344A-ED5D-4722-A07F-82E3FE302157}.Release|Any CPU.ActiveCfg = Release|Any CPU
		{3AD6344A-ED5D-4722-A07F-82E3FE302157}.Release|Any CPU.Build.0 = Release|Any CPU
	EndGlobalSection
	GlobalSection(SolutionProperties) = preSolution
		HideSolutionNode = FALSE
	EndGlobalSection
	GlobalSection(ExtensibilityGlobals) = postSolution
		SolutionGuid = {9BC1B249-CFBB-41FB-88CE-F66D0BA2857E}
	EndGlobalSection
EndGlobal
